<Solution>
  <Folder Name="/01-write-first-c#/">
    <Project Path="01-write-first-c#/module1/module1.csproj" />
    <Project Path="01-write-first-c#/module2/module2.csproj" />
  </Folder>
  <Folder Name="/02-data-and-variables/">
    <Project Path="02-data-and-variables/basic-formatting/basic-formatting.csproj" />
    <Project Path="02-data-and-variables/combine-strings/combine-strings.csproj" />
    <Project Path="02-data-and-variables/literal-values/literal-values.csproj" />
    <Project Path="02-data-and-variables/strings-format-display-challenge/strings-format-display-challenge.csproj" />
    <Project Path="02-data-and-variables/variables-challenge/variables-challenge.csproj" />
    <Project Path="02-data-and-variables/variables/variables.csproj" />
  </Folder>
  <Folder Name="/03-basic-operations/">
    <Project Path="03-basic-operations/basic-number-operations-in-csharp/basic-number-operations-in-csharp.csproj" />
  </Folder>
  <Folder Name="/04-guided-project-student-grades/">
    <Project Path="04-guided-project-student-grades/Calculate and print student grades/Calculate and print student grades.csproj" />
    <Project Path="04-guided-project-student-grades/calculate-final-gpa/calculate-final-gpa.csproj" />
  </Folder>
</Solution>
